
Microsoft Visual Studio Solution File, Format Version 12.00
# Visual Studio Version 16
VisualStudioVersion = 16.0.30114.105
MinimumVisualStudioVersion = 10.0.40219.1
Project("{9A19103F-16F7-4668-BE54-9A1E7A4F7556}") = "DynamicJson", "DynamicJson\DynamicJson.csproj", "{201C39A0-27F3-402B-A8F8-504D81CBAE8B}"
EndProject
Project("{9A19103F-16F7-4668-BE54-9A1E7A4F7556}") = "DynamicJsonTest", "DynamicJsonTest\DynamicJsonTest.csproj", "{F9675CFF-7FE5-4141-8D1F-00B059A8EF51}"
EndProject
Project("{FAE04EC0-301F-11D3-BF4B-00C04F79EFBC}") = "Demo", "Demo\Demo.csproj", "{598A2E63-F3AA-4316-B04D-D91034FD744D}"
EndProject
Global
	GlobalSection(SolutionConfigurationPlatforms) = preSolution
		Debug|Any CPU = Debug|Any CPU
		Release|Any CPU = Release|Any CPU
	EndGlobalSection
	GlobalSection(ProjectConfigurationPlatforms) = postSolution
		{201C39A0-27F3-402B-A8F8-504D81CBAE8B}.Debug|Any CPU.ActiveCfg = Debug|Any CPU
		{201C39A0-27F3-402B-A8F8-504D81CBAE8B}.Debug|Any CPU.Build.0 = Debug|Any CPU
		{201C39A0-27F3-402B-A8F8-504D81CBAE8B}.Release|Any CPU.ActiveCfg = Release|Any CPU
		{201C39A0-27F3-402B-A8F8-504D81CBAE8B}.Release|Any CPU.Build.0 = Release|Any CPU
		{F9675CFF-7FE5-4141-8D1F-00B059A8EF51}.Debug|Any CPU.ActiveCfg = Debug|Any CPU
		{F9675CFF-7FE5-4141-8D1F-00B059A8EF51}.Debug|Any CPU.Build.0 = Debug|Any CPU
		{F9675CFF-7FE5-4141-8D1F-00B059A8EF51}.Release|Any CPU.ActiveCfg = Release|Any CPU
		{F9675CFF-7FE5-4141-8D1F-00B059A8EF51}.Release|Any CPU.Build.0 = Release|Any CPU
		{598A2E63-F3AA-4316-B04D-D91034FD744D}.Debug|Any CPU.ActiveCfg = Debug|Any CPU
		{598A2E63-F3AA-4316-B04D-D91034FD744D}.Debug|Any CPU.Build.0 = Debug|Any CPU
		{598A2E63-F3AA-4316-B04D-D91034FD744D}.Release|Any CPU.ActiveCfg = Release|Any CPU
		{598A2E63-F3AA-4316-B04D-D91034FD744D}.Release|Any CPU.Build.0 = Release|Any CPU
	EndGlobalSection
	GlobalSection(SolutionProperties) = preSolution
		HideSolutionNode = FALSE
	EndGlobalSection
	GlobalSection(ExtensibilityGlobals) = postSolution
		SolutionGuid = {8CE731B4-5F8E-4AF3-9F51-C24A0BAC5790}
	EndGlobalSection
EndGlobal
